// !$*UTF8*$!
{
	archiveVersion = 1;
	classes = {
	};
	objectVersion = 46;
	objects = {

/* Begin PBXBuildFile section */
		EE894A821E5C991E0066A4FE /* AppDelegate.swift in Sources */ = {isa = PBXBuildFile; fileRef = EE894A811E5C991E0066A4FE /* AppDelegate.swift */; };
		EE894A841E5C991E0066A4FE /* ViewController.swift in Sources */ = {isa = PBXBuildFile; fileRef = EE894A831E5C991E0066A4FE /* ViewController.swift */; };
		EE894A871E5C991E0066A4FE /* Main.storyboard in Resources */ = {isa = PBXBuildFile; fileRef = EE894A851E5C991E0066A4FE /* Main.storyboard */; };
		EE894A891E5C991E0066A4FE /* Assets.xcassets in Resources */ = {isa = PBXBuildFile; fileRef = EE894A881E5C991E0066A4FE /* Assets.xcassets */; };
		EE894A8C1E5C991E0066A4FE /* LaunchScreen.storyboard in Resources */ = {isa = PBXBuildFile; fileRef = EE894A8A1E5C991E0066A4FE /* LaunchScreen.storyboard */; };
		EE894A971E5C991E0066A4FE /* RTBeatsTests.swift in Sources */ = {isa = PBXBuildFile; fileRef = EE894A961E5C991E0066A4FE /* RTBeatsTests.swift */; };
		EE894AA21E5C991E0066A4FE /* RTBeatsUITests.swift in Sources */ = {isa = PBXBuildFile; fileRef = EE894AA11E5C991E0066A4FE /* RTBeatsUITests.swift */; };
/* End PBXBuildFile section */

/* Begin PBXContainerItemProxy section */
		EE894A931E5C991E0066A4FE /* PBXContainerItemProxy */ = {
			isa = PBXContainerItemProxy;
			containerPortal = EE894A761E5C991E0066A4FE /* Project object */;
			proxyType = 1;
			remoteGlobalIDString = EE894A7D1E5C991E0066A4FE;
			remoteInfo = RTBeats;
		};
		EE894A9E1E5C991E0066A4FE /* PBXContainerItemProxy */ = {
			isa = PBXContainerItemProxy;
			containerPortal = EE894A761E5C991E0066A4FE /* Project object */;
			proxyType = 1;
			remoteGlobalIDString = EE894A7D1E5C991E0066A4FE;
			remoteInfo = RTBeats;
		};
/* End PBXContainerItemProxy section */

/* Begin PBXFileReference section */
		EE894A7E1E5C991E0066A4FE /* RTBeats.app */ = {isa = PBXFileReference; explicitFileType = wrapper.application; includeInIndex = 0; path = RTBeats.app; sourceTree = BUILT_PRODUCTS_DIR; };
		EE894A811E5C991E0066A4FE /* AppDelegate.swift */ = {isa = PBXFileReference; lastKnownFileType = sourcecode.swift; path = AppDelegate.swift; sourceTree = "<group>"; };
		EE894A831E5C991E0066A4FE /* ViewController.swift */ = {isa = PBXFileReference; lastKnownFileType = sourcecode.swift; path = ViewController.swift; sourceTree = "<group>"; };
		EE894A861E5C991E0066A4FE /* Base */ = {isa = PBXFileReference; lastKnownFileType = file.storyboard; name = Base; path = Base.lproj/Main.storyboard; sourceTree = "<group>"; };
		EE894A881E5C991E0066A4FE /* Assets.xcassets */ = {isa = PBXFileReference; lastKnownFileType = folder.assetcatalog; path = Assets.xcassets; sourceTree = "<group>"; };
		EE894A8B1E5C991E0066A4FE /* Base */ = {isa = PBXFileReference; lastKnownFileType = file.storyboard; name = Base; path = Base.lproj/LaunchScreen.storyboard; sourceTree = "<group>"; };
		EE894A8D1E5C991E0066A4FE /* Info.plist */ = {isa = PBXFileReference; lastKnownFileType = text.plist.xml; path = Info.plist; sourceTree = "<group>"; };
		EE894A921E5C991E0066A4FE /* RTBeatsTests.xctest */ = {isa = PBXFileReference; explicitFileType = wrapper.cfbundle; includeInIndex = 0; path = RTBeatsTests.xctest; sourceTree = BUILT_PRODUCTS_DIR; };
		EE894A961E5C991E0066A4FE /* RTBeatsTests.swift */ = {isa = PBXFileReference; lastKnownFileType = sourcecode.swift; path = RTBeatsTests.swift; sourceTree = "<group>"; };
		EE894A981E5C991E0066A4FE /* Info.plist */ = {isa = PBXFileReference; lastKnownFileType = text.plist.xml; path = Info.plist; sourceTree = "<group>"; };
		EE894A9D1E5C991E0066A4FE /* RTBeatsUITests.xctest */ = {isa = PBXFileReference; explicitFileType = wrapper.cfbundle; includeInIndex = 0; path = RTBeatsUITests.xctest; sourceTree = BUILT_PRODUCTS_DIR; };
		EE894AA11E5C991E0066A4FE /* RTBeatsUITests.swift */ = {isa = PBXFileReference; lastKnownFileType = sourcecode.swift; path = RTBeatsUITests.swift; sourceTree = "<group>"; };
		EE894AA31E5C991E0066A4FE /* Info.plist */ = {isa = PBXFileReference; lastKnownFileType = text.plist.xml; path = Info.plist; sourceTree = "<group>"; };
/* End PBXFileReference section */

/* Begin PBXFrameworksBuildPhase section */
		EE894A7B1E5C991E0066A4FE /* Frameworks */ = {
			isa = PBXFrameworksBuildPhase;
			buildActionMask = 2147483647;
			files = (
			);
			runOnlyForDeploymentPostprocessing = 0;
		};
		EE894A8F1E5C991E0066A4FE /* Frameworks */ = {
			isa = PBXFrameworksBuildPhase;
			buildActionMask = 2147483647;
			files = (
			);
			runOnlyForDeploymentPostprocessing = 0;
		};
		EE894A9A1E5C991E0066A4FE /* Frameworks */ = {
			isa = PBXFrameworksBuildPhase;
			buildActionMask = 2147483647;
			files = (
			);
			runOnlyForDeploymentPostprocessing = 0;
		};
/* End PBXFrameworksBuildPhase section */

/* Begin PBXGroup section */
		EE894A751E5C991E0066A4FE = {
			isa = PBXGroup;
			children = (
				EE894A801E5C991E0066A4FE /* RTBeats */,
				EE894A951E5C991E0066A4FE /* RTBeatsTests */,
				EE894AA01E5C991E0066A4FE /* RTBeatsUITests */,
				EE894A7F1E5C991E0066A4FE /* Products */,
			);
			sourceTree = "<group>";
		};
		EE894A7F1E5C991E0066A4FE /* Products */ = {
			isa = PBXGroup;
			children = (
				EE894A7E1E5C991E0066A4FE /* RTBeats.app */,
				EE894A921E5C991E0066A4FE /* RTBeatsTests.xctest */,
				EE894A9D1E5C991E0066A4FE /* RTBeatsUITests.xctest */,
			);
			name = Products;
			sourceTree = "<group>";
		};
		EE894A801E5C991E0066A4FE /* RTBeats */ = {
			isa = PBXGroup;
			children = (
				EE894A811E5C991E0066A4FE /* AppDelegate.swift */,
				EE894A831E5C991E0066A4FE /* ViewController.swift */,
				EE894A851E5C991E0066A4FE /* Main.storyboard */,
				EE894A881E5C991E0066A4FE /* Assets.xcassets */,
				EE894A8A1E5C991E0066A4FE /* LaunchScreen.storyboard */,
				EE894A8D1E5C991E0066A4FE /* Info.plist */,
			);
			path = RTBeats;
			sourceTree = "<group>";
		};
		EE894A951E5C991E0066A4FE /* RTBeatsTests */ = {
			isa = PBXGroup;
			children = (
				EE894A961E5C991E0066A4FE /* RTBeatsTests.swift */,
				EE894A981E5C991E0066A4FE /* Info.plist */,
			);
			path = RTBeatsTests;
			sourceTree = "<group>";
		};
		EE894AA01E5C991E0066A4FE /* RTBeatsUITests */ = {
			isa = PBXGroup;
			children = (
				EE894AA11E5C991E0066A4FE /* RTBeatsUITests.swift */,
				EE894AA31E5C991E0066A4FE /* Info.plist */,
			);
			path = RTBeatsUITests;
			sourceTree = "<group>";
		};
/* End PBXGroup section */

/* Begin PBXNativeTarget section */
		EE894A7D1E5C991E0066A4FE /* RTBeats */ = {
			isa = PBXNativeTarget;
			buildConfigurationList = EE894AA61E5C991E0066A4FE /* Build configuration list for PBXNativeTarget "RTBeats" */;
			buildPhases = (
				EE894A7A1E5C991E0066A4FE /* Sources */,
				EE894A7B1E5C991E0066A4FE /* Frameworks */,
				EE894A7C1E5C991E0066A4FE /* Resources */,
			);
			buildRules = (
			);
			dependencies = (
			);
			name = RTBeats;
			productName = RTBeats;
			productReference = EE894A7E1E5C991E0066A4FE /* RTBeats.app */;
			productType = "com.apple.product-type.application";
		};
		EE894A911E5C991E0066A4FE /* RTBeatsTests */ = {
			isa = PBXNativeTarget;
			buildConfigurationList = EE894AA91E5C991E0066A4FE /* Build configuration list for PBXNativeTarget "RTBeatsTests" */;
			buildPhases = (
				EE894A8E1E5C991E0066A4FE /* Sources */,
				EE894A8F1E5C991E0066A4FE /* Frameworks */,
				EE894A901E5C991E0066A4FE /* Resources */,
			);
			buildRules = (
			);
			dependencies = (
				EE894A941E5C991E0066A4FE /* PBXTargetDependency */,
			);
			name = RTBeatsTests;
			productName = RTBeatsTests;
			productReference = EE894A921E5C991E0066A4FE /* RTBeatsTests.xctest */;
			productType = "com.apple.product-type.bundle.unit-test";
		};
		EE894A9C1E5C991E0066A4FE /* RTBeatsUITests */ = {
			isa = PBXNativeTarget;
			buildConfigurationList = EE894AAC1E5C991E0066A4FE /* Build configuration list for PBXNativeTarget "RTBeatsUITests" */;
			buildPhases = (
				EE894A991E5C991E0066A4FE /* Sources */,
				EE894A9A1E5C991E0066A4FE /* Frameworks */,
				EE894A9B1E5C991E0066A4FE /* Resources */,
			);
			buildRules = (
			);
			dependencies = (
				EE894A9F1E5C991E0066A4FE /* PBXTargetDependency */,
			);
			name = RTBeatsUITests;
			productName = RTBeatsUITests;
			productReference = EE894A9D1E5C991E0066A4FE /* RTBeatsUITests.xctest */;
			productType = "com.apple.product-type.bundle.ui-testing";
		};
/* End PBXNativeTarget section */

/* Begin PBXProject section */
		EE894A761E5C991E0066A4FE /* Project object */ = {
			isa = PBXProject;
			attributes = {
				LastSwiftUpdateCheck = 0820;
				LastUpgradeCheck = 0820;
				ORGANIZATIONNAME = "Shobhit Gupta";
				TargetAttributes = {
					EE894A7D1E5C991E0066A4FE = {
						CreatedOnToolsVersion = 8.2.1;
						DevelopmentTeam = AR27PDZ76S;
						ProvisioningStyle = Automatic;
					};
					EE894A911E5C991E0066A4FE = {
						CreatedOnToolsVersion = 8.2.1;
						DevelopmentTeam = AR27PDZ76S;
						ProvisioningStyle = Automatic;
						TestTargetID = EE894A7D1E5C991E0066A4FE;
					};
					EE894A9C1E5C991E0066A4FE = {
						CreatedOnToolsVersion = 8.2.1;
						DevelopmentTeam = AR27PDZ76S;
						ProvisioningStyle = Automatic;
						TestTargetID = EE894A7D1E5C991E0066A4FE;
					};
				};
			};
			buildConfigurationList = EE894A791E5C991E0066A4FE /* Build configuration list for PBXProject "RTBeats" */;
			compatibilityVersion = "Xcode 3.2";
			developmentRegion = English;
			hasScannedForEncodings = 0;
			knownRegions = (
				en,
				Base,
			);
			mainGroup = EE894A751E5C991E0066A4FE;
			productRefGroup = EE894A7F1E5C991E0066A4FE /* Products */;
			projectDirPath = "";
			projectRoot = "";
			targets = (
				EE894A7D1E5C991E0066A4FE /* RTBeats */,
				EE894A911E5C991E0066A4FE /* RTBeatsTests */,
				EE894A9C1E5C991E0066A4FE /* RTBeatsUITests */,
			);
		};
/* End PBXProject section */

/* Begin PBXResourcesBuildPhase section */
		EE894A7C1E5C991E0066A4FE /* Resources */ = {
			isa = PBXResourcesBuildPhase;
			buildActionMask = 2147483647;
			files = (
				EE894A8C1E5C991E0066A4FE /* LaunchScreen.storyboard in Resources */,
				EE894A891E5C991E0066A4FE /* Assets.xcassets in Resources */,
				EE894A871E5C991E0066A4FE /* Main.storyboard in Resources */,
			);
			runOnlyForDeploymentPostprocessing = 0;
		};
		EE894A901E5C991E0066A4FE /* Resources */ = {
			isa = PBXResourcesBuildPhase;
			buildActionMask = 2147483647;
			files = (
			);
			runOnlyForDeploymentPostprocessing = 0;
		};
		EE894A9B1E5C991E0066A4FE /* Resources */ = {
			isa = PBXResourcesBuildPhase;
			buildActionMask = 2147483647;
			files = (
			);
			runOnlyForDeploymentPostprocessing = 0;
		};
/* End PBXResourcesBuildPhase section */

/* Begin PBXSourcesBuildPhase section */
		EE894A7A1E5C991E0066A4FE /* Sources */ = {
			isa = PBXSourcesBuildPhase;
			buildActionMask = 2147483647;
			files = (
				EE894A841E5C991E0066A4FE /* ViewController.swift in Sources */,
				EE894A821E5C991E0066A4FE /* AppDelegate.swift in Sources */,
			);
			runOnlyForDeploymentPostprocessing = 0;
		};
		EE894A8E1E5C991E0066A4FE /* Sources */ = {
			isa = PBXSourcesBuildPhase;
			buildActionMask = 2147483647;
			files = (
				EE894A971E5C991E0066A4FE /* RTBeatsTests.swift in Sources */,
			);
			runOnlyForDeploymentPostprocessing = 0;
		};
		EE894A991E5C991E0066A4FE /* Sources */ = {
			isa = PBXSourcesBuildPhase;
			buildActionMask = 2147483647;
			files = (
				EE894AA21E5C991E0066A4FE /* RTBeatsUITests.swift in Sources */,
			);
			runOnlyForDeploymentPostprocessing = 0;
		};
/* End PBXSourcesBuildPhase section */

/* Begin PBXTargetDependency section */
		EE894A941E5C991E0066A4FE /* PBXTargetDependency */ = {
			isa = PBXTargetDependency;
			target = EE894A7D1E5C991E0066A4FE /* RTBeats */;
			targetProxy = EE894A931E5C991E0066A4FE /* PBXContainerItemProxy */;
		};
		EE894A9F1E5C991E0066A4FE /* PBXTargetDependency */ = {
			isa = PBXTargetDependency;
			target = EE894A7D1E5C991E0066A4FE /* RTBeats */;
			targetProxy = EE894A9E1E5C991E0066A4FE /* PBXContainerItemProxy */;
		};
/* End PBXTargetDependency section */

/* Begin PBXVariantGroup section */
		EE894A851E5C991E0066A4FE /* Main.storyboard */ = {
			isa = PBXVariantGroup;
			children = (
				EE894A861E5C991E0066A4FE /* Base */,
			);
			name = Main.storyboard;
			sourceTree = "<group>";
		};
		EE894A8A1E5C991E0066A4FE /* LaunchScreen.storyboard */ = {
			isa = PBXVariantGroup;
			children = (
				EE894A8B1E5C991E0066A4FE /* Base */,
			);
			name = LaunchScreen.storyboard;
			sourceTree = "<group>";
		};
/* End PBXVariantGroup section */

/* Begin XCBuildConfiguration section */
		EE894AA41E5C991E0066A4FE /* Debug */ = {
			isa = XCBuildConfiguration;
			buildSettings = {
				ALWAYS_SEARCH_USER_PATHS = NO;
				CLANG_ANALYZER_NONNULL = YES;
				CLANG_CXX_LANGUAGE_STANDARD = "gnu++0x";
				CLANG_CXX_LIBRARY = "libc++";
				CLANG_ENABLE_MODULES = YES;
				CLANG_ENABLE_OBJC_ARC = YES;
				CLANG_WARN_BOOL_CONVERSION = YES;
				CLANG_WARN_CONSTANT_CONVERSION = YES;
				CLANG_WARN_DIRECT_OBJC_ISA_USAGE = YES_ERROR;
				CLANG_WARN_DOCUMENTATION_COMMENTS = YES;
				CLANG_WARN_EMPTY_BODY = YES;
				CLANG_WARN_ENUM_CONVERSION = YES;
				CLANG_WARN_INFINITE_RECURSION = YES;
				CLANG_WARN_INT_CONVERSION = YES;
				CLANG_WARN_OBJC_ROOT_CLASS = YES_ERROR;
				CLANG_WARN_SUSPICIOUS_MOVE = YES;
				CLANG_WARN_UNREACHABLE_CODE = YES;
				CLANG_WARN__DUPLICATE_METHOD_MATCH = YES;
				"CODE_SIGN_IDENTITY[sdk=iphoneos*]" = "iPhone Developer";
				COPY_PHASE_STRIP = NO;
				DEBUG_INFORMATION_FORMAT = dwarf;
				ENABLE_STRICT_OBJC_MSGSEND = YES;
				ENABLE_TESTABILITY = YES;
				GCC_C_LANGUAGE_STANDARD = gnu99;
				GCC_DYNAMIC_NO_PIC = NO;
				GCC_NO_COMMON_BLOCKS = YES;
				GCC_OPTIMIZATION_LEVEL = 0;
				GCC_PREPROCESSOR_DEFINITIONS = (
					"DEBUG=1",
					"$(inherited)",
				);
				GCC_WARN_64_TO_32_BIT_CONVERSION = YES;
				GCC_WARN_ABOUT_RETURN_TYPE = YES_ERROR;
				GCC_WARN_UNDECLARED_SELECTOR = YES;
				GCC_WARN_UNINITIALIZED_AUTOS = YES_AGGRESSIVE;
				GCC_WARN_UNUSED_FUNCTION = YES;
				GCC_WARN_UNUSED_VARIABLE = YES;
				IPHONEOS_DEPLOYMENT_TARGET = 10.2;
				MTL_ENABLE_DEBUG_INFO = YES;
				ONLY_ACTIVE_ARCH = YES;
				SDKROOT = iphoneos;
				SWIFT_ACTIVE_COMPILATION_CONDITIONS = DEBUG;
				SWIFT_OPTIMIZATION_LEVEL = "-Onone";
				TARGETED_DEVICE_FAMILY = "1,2";
			};
			name = Debug;
		};
		EE894AA51E5C991E0066A4FE /* Release */ = {
			isa = XCBuildConfiguration;
			buildSettings = {
				ALWAYS_SEARCH_USER_PATHS = NO;
				CLANG_ANALYZER_NONNULL = YES;
				CLANG_CXX_LANGUAGE_STANDARD = "gnu++0x";
				CLANG_CXX_LIBRARY = "libc++";
				CLANG_ENABLE_MODULES = YES;
				CLANG_ENABLE_OBJC_ARC = YES;
				CLANG_WARN_BOOL_CONVERSION = YES;
				CLANG_WARN_CONSTANT_CONVERSION = YES;
				CLANG_WARN_DIRECT_OBJC_ISA_USAGE = YES_ERROR;
				CLANG_WARN_DOCUMENTATION_COMMENTS = YES;
				CLANG_WARN_EMPTY_BODY = YES;
				CLANG_WARN_ENUM_CONVERSION = YES;
				CLANG_WARN_INFINITE_RECURSION = YES;
				CLANG_WARN_INT_CONVERSION = YES;
				CLANG_WARN_OBJC_ROOT_CLASS = YES_ERROR;
				CLANG_WARN_SUSPICIOUS_MOVE = YES;
				CLANG_WARN_UNREACHABLE_CODE = YES;
				CLANG_WARN__DUPLICATE_METHOD_MATCH = YES;
				"CODE_SIGN_IDENTITY[sdk=iphoneos*]" = "iPhone Developer";
				COPY_PHASE_STRIP = NO;
				DEBUG_INFORMATION_FORMAT = "dwarf-with-dsym";
				ENABLE_NS_ASSERTIONS = NO;
				ENABLE_STRICT_OBJC_MSGSEND = YES;
				GCC_C_LANGUAGE_STANDARD = gnu99;
				GCC_NO_COMMON_BLOCKS = YES;
				GCC_WARN_64_TO_32_BIT_CONVERSION = YES;
				GCC_WARN_ABOUT_RETURN_TYPE = YES_ERROR;
				GCC_WARN_UNDECLARED_SELECTOR = YES;
				GCC_WARN_UNINITIALIZED_AUTOS = YES_AGGRESSIVE;
				GCC_WARN_UNUSED_FUNCTION = YES;
				GCC_WARN_UNUSED_VARIABLE = YES;
				IPHONEOS_DEPLOYMENT_TARGET = 10.2;
				MTL_ENABLE_DEBUG_INFO = NO;
				SDKROOT = iphoneos;
				SWIFT_OPTIMIZATION_LEVEL = "-Owholemodule";
				TARGETED_DEVICE_FAMILY = "1,2";
				VALIDATE_PRODUCT = YES;
			};
			name = Release;
		};
		EE894AA71E5C991E0066A4FE /* Debug */ = {
			isa = XCBuildConfiguration;
			buildSettings = {
				ASSETCATALOG_COMPILER_APPICON_NAME = AppIcon;
				DEVELOPMENT_TEAM = AR27PDZ76S;
				INFOPLIST_FILE = RTBeats/Info.plist;
				LD_RUNPATH_SEARCH_PATHS = "$(inherited) @executable_path/Frameworks";
				PRODUCT_BUNDLE_IDENTIFIER = com.from101.RTBeats;
				PRODUCT_NAME = "$(TARGET_NAME)";
				SWIFT_VERSION = 3.0;
			};
			name = Debug;
		};
		EE894AA81E5C991E0066A4FE /* Release */ = {
			isa = XCBuildConfiguration;
			buildSettings = {
				ASSETCATALOG_COMPILER_APPICON_NAME = AppIcon;
				DEVELOPMENT_TEAM = AR27PDZ76S;
				INFOPLIST_FILE = RTBeats/Info.plist;
				LD_RUNPATH_SEARCH_PATHS = "$(inherited) @executable_path/Frameworks";
				PRODUCT_BUNDLE_IDENTIFIER = com.from101.RTBeats;
				PRODUCT_NAME = "$(TARGET_NAME)";
				SWIFT_VERSION = 3.0;
			};
			name = Release;
		};
		EE894AAA1E5C991E0066A4FE /* Debug */ = {
			isa = XCBuildConfiguration;
			buildSettings = {
				ALWAYS_EMBED_SWIFT_STANDARD_LIBRARIES = YES;
				BUNDLE_LOADER = "$(TEST_HOST)";
				DEVELOPMENT_TEAM = AR27PDZ76S;
				INFOPLIST_FILE = RTBeatsTests/Info.plist;
				LD_RUNPATH_SEARCH_PATHS = "$(inherited) @executable_path/Frameworks @loader_path/Frameworks";
				PRODUCT_BUNDLE_IDENTIFIER = com.from101.RTBeatsTests;
				PRODUCT_NAME = "$(TARGET_NAME)";
				SWIFT_VERSION = 3.0;
				TEST_HOST = "$(BUILT_PRODUCTS_DIR)/RTBeats.app/RTBeats";
			};
			name = Debug;
		};
		EE894AAB1E5C991E0066A4FE /* Release */ = {
			isa = XCBuildConfiguration;
			buildSettings = {
				ALWAYS_EMBED_SWIFT_STANDARD_LIBRARIES = YES;
				BUNDLE_LOADER = "$(TEST_HOST)";
				DEVELOPMENT_TEAM = AR27PDZ76S;
				INFOPLIST_FILE = RTBeatsTests/Info.plist;
				LD_RUNPATH_SEARCH_PATHS = "$(inherited) @executable_path/Frameworks @loader_path/Frameworks";
				PRODUCT_BUNDLE_IDENTIFIER = com.from101.RTBeatsTests;
				PRODUCT_NAME = "$(TARGET_NAME)";
				SWIFT_VERSION = 3.0;
				TEST_HOST = "$(BUILT_PRODUCTS_DIR)/RTBeats.app/RTBeats";
			};
			name = Release;
		};
		EE894AAD1E5C991E0066A4FE /* Debug */ = {
			isa = XCBuildConfiguration;
			buildSettings = {
				ALWAYS_EMBED_SWIFT_STANDARD_LIBRARIES = YES;
				DEVELOPMENT_TEAM = AR27PDZ76S;
				INFOPLIST_FILE = RTBeatsUITests/Info.plist;
				LD_RUNPATH_SEARCH_PATHS = "$(inherited) @executable_path/Frameworks @loader_path/Frameworks";
				PRODUCT_BUNDLE_IDENTIFIER = com.from101.RTBeatsUITests;
				PRODUCT_NAME = "$(TARGET_NAME)";
				SWIFT_VERSION = 3.0;
				TEST_TARGET_NAME = RTBeats;
			};
			name = Debug;
		};
		EE894AAE1E5C991E0066A4FE /* Release */ = {
			isa = XCBuildConfiguration;
			buildSettings = {
				ALWAYS_EMBED_SWIFT_STANDARD_LIBRARIES = YES;
				DEVELOPMENT_TEAM = AR27PDZ76S;
				INFOPLIST_FILE = RTBeatsUITests/Info.plist;
				LD_RUNPATH_SEARCH_PATHS = "$(inherited) @executable_path/Frameworks @loader_path/Frameworks";
				PRODUCT_BUNDLE_IDENTIFIER = com.from101.RTBeatsUITests;
				PRODUCT_NAME = "$(TARGET_NAME)";
				SWIFT_VERSION = 3.0;
				TEST_TARGET_NAME = RTBeats;
			};
			name = Release;
		};
/* End XCBuildConfiguration section */

/* Begin XCConfigurationList section */
		EE894A791E5C991E0066A4FE /* Build configuration list for PBXProject "RTBeats" */ = {
			isa = XCConfigurationList;
			buildConfigurations = (
				EE894AA41E5C991E0066A4FE /* Debug */,
				EE894AA51E5C991E0066A4FE /* Release */,
			);
			defaultConfigurationIsVisible = 0;
			defaultConfigurationName = Release;
		};
		EE894AA61E5C991E0066A4FE /* Build configuration list for PBXNativeTarget "RTBeats" */ = {
			isa = XCConfigurationList;
			buildConfigurations = (
				EE894AA71E5C991E0066A4FE /* Debug */,
				EE894AA81E5C991E0066A4FE /* Release */,
			);
			defaultConfigurationIsVisible = 0;
		};
		EE894AA91E5C991E0066A4FE /* Build configuration list for PBXNativeTarget "RTBeatsTests" */ = {
			isa = XCConfigurationList;
			buildConfigurations = (
				EE894AAA1E5C991E0066A4FE /* Debug */,
				EE894AAB1E5C991E0066A4FE /* Release */,
			);
			defaultConfigurationIsVisible = 0;
		};
		EE894AAC1E5C991E0066A4FE /* Build configuration list for PBXNativeTarget "RTBeatsUITests" */ = {
			isa = XCConfigurationList;
			buildConfigurations = (
				EE894AAD1E5C991E0066A4FE /* Debug */,
				EE894AAE1E5C991E0066A4FE /* Release */,
			);
			defaultConfigurationIsVisible = 0;
		};
/* End XCConfigurationList section */
	};
	rootObject = EE894A761E5C991E0066A4FE /* Project object */;
}
